{
  "originHash" : "0813d8074328ac339b3ad4d9e895dca3cbd4327633fce793259860c9993a0805",
  "pins" : [
    {
      "identity" : "confettiswiftui",
      "kind" : "remoteSourceControl",
      "location" : "https://github.com/simibac/ConfettiSwiftUI",
      "state" : {
        "revision" : "9ae5bc2ce2149980884d4612321c3a266d6bf82c",
        "version" : "3.0.0"
      }
    }
  ],
  "version" : 3
}
